PODS:
  - Alamofire (5.4.1)
  - Eureka (5.3.2)
  - lottie-ios (3.1.9)

DEPENDENCIES:
  - Alamofire (~> 5.2)
  - Eureka
  - lottie-ios

SPEC REPOS:
  trunk:
    - Alamofire
    - Eureka
    - lottie-ios

SPEC CHECKSUMS:
  Alamofire: 2291f7d21ca607c491dd17642e5d40fdcda0e65c
  Eureka: 1c2b8b5892bfb0e972d0fe05f8c09fd89f8625ec
  lottie-ios: 3a3758ef5a008e762faec9c9d50a39842f26d124

PODFILE CHECKSUM: df5eaae5e54047d170b76d69f0396b900006130b

COCOAPODS: 1.10.0
