// !$*UTF8*$!
{
	archiveVersion = 1;
	classes = {
	};
	objectVersion = 51;
	objects = {

/* Begin PBXBuildFile section */
		024ACE6425B5253A009F30B2 /* DICOMMetadataViewController.swift in Sources */ = {isa = PBXBuildFile; fileRef = 024ACE6325B5253A009F30B2 /* DICOMMetadataViewController.swift */; };
		02A93E1725B4C8B200CADABF /* AppDelegate.swift in Sources */ = {isa = PBXBuildFile; fileRef = 02A93E1625B4C8B200CADABF /* AppDelegate.swift */; };
		02A93E1925B4C8B200CADABF /* SceneDelegate.swift in Sources */ = {isa = PBXBuildFile; fileRef = 02A93E1825B4C8B200CADABF /* SceneDelegate.swift */; };
		02A93E1B25B4C8B200CADABF /* ViewController.swift in Sources */ = {isa = PBXBuildFile; fileRef = 02A93E1A25B4C8B200CADABF /* ViewController.swift */; };
		02A93E1E25B4C8B200CADABF /* Main.storyboard in Resources */ = {isa = PBXBuildFile; fileRef = 02A93E1C25B4C8B200CADABF /* Main.storyboard */; };
		02A93E2025B4C8B500CADABF /* Assets.xcassets in Resources */ = {isa = PBXBuildFile; fileRef = 02A93E1F25B4C8B500CADABF /* Assets.xcassets */; };
		02A93E2325B4C8B500CADABF /* LaunchScreen.storyboard in Resources */ = {isa = PBXBuildFile; fileRef = 02A93E2125B4C8B500CADABF /* LaunchScreen.storyboard */; };
		02A93E2E25B4C8B600CADABF /* MosaicTCC2iOSTests.swift in Sources */ = {isa = PBXBuildFile; fileRef = 02A93E2D25B4C8B600CADABF /* MosaicTCC2iOSTests.swift */; };
		02A93E3925B4C8B600CADABF /* MosaicTCC2iOSUITests.swift in Sources */ = {isa = PBXBuildFile; fileRef = 02A93E3825B4C8B600CADABF /* MosaicTCC2iOSUITests.swift */; };
		02A93E4D25B4F54800CADABF /* ImagePicker.swift in Sources */ = {isa = PBXBuildFile; fileRef = 02A93E4C25B4F54800CADABF /* ImagePicker.swift */; };
		02A93E4F25B4FBD300CADABF /* ImageFragmentCollectionViewCell.swift in Sources */ = {isa = PBXBuildFile; fileRef = 02A93E4E25B4FBD300CADABF /* ImageFragmentCollectionViewCell.swift */; };
		02A93E5325B517A900CADABF /* DICOMFilesCreatedViewController.swift in Sources */ = {isa = PBXBuildFile; fileRef = 02A93E5225B517A900CADABF /* DICOMFilesCreatedViewController.swift */; };
		02A93E5625B51A4900CADABF /* DICOMFilesCreated.storyboard in Resources */ = {isa = PBXBuildFile; fileRef = 02A93E5425B51A4900CADABF /* DICOMFilesCreated.storyboard */; };
		02A93E5825B51D9500CADABF /* DICOMMetadata.storyboard in Resources */ = {isa = PBXBuildFile; fileRef = 02A93E5725B51D9500CADABF /* DICOMMetadata.storyboard */; };
		3BB7E9D040306101282B314C /* Pods_MosaicTCC2iOS.framework in Frameworks */ = {isa = PBXBuildFile; fileRef = C2C09BF45EA78E89C3565D88 /* Pods_MosaicTCC2iOS.framework */; };
		44476B2B9A727542EE922934 /* Pods_MosaicTCC2iOSTests.framework in Frameworks */ = {isa = PBXBuildFile; fileRef = 23EED7D1C3DF4331E84E67B8 /* Pods_MosaicTCC2iOSTests.framework */; };
		5C8C5EBAA1249DE27B9A540F /* Pods_MosaicTCC2iOS_MosaicTCC2iOSUITests.framework in Frameworks */ = {isa = PBXBuildFile; fileRef = EE9BA29EB13D1FBC9D9E77A0 /* Pods_MosaicTCC2iOS_MosaicTCC2iOSUITests.framework */; };
/* End PBXBuildFile section */

/* Begin PBXContainerItemProxy section */
		02A93E2A25B4C8B600CADABF /* PBXContainerItemProxy */ = {
			isa = PBXContainerItemProxy;
			containerPortal = 02A93E0B25B4C8B200CADABF /* Project object */;
			proxyType = 1;
			remoteGlobalIDString = 02A93E1225B4C8B200CADABF;
			remoteInfo = MosaicTCC2iOS;
		};
		02A93E3525B4C8B600CADABF /* PBXContainerItemProxy */ = {
			isa = PBXContainerItemProxy;
			containerPortal = 02A93E0B25B4C8B200CADABF /* Project object */;
			proxyType = 1;
			remoteGlobalIDString = 02A93E1225B4C8B200CADABF;
			remoteInfo = MosaicTCC2iOS;
		};
/* End PBXContainerItemProxy section */

/* Begin PBXFileReference section */
		024ACE6325B5253A009F30B2 /* DICOMMetadataViewController.swift */ = {isa = PBXFileReference; lastKnownFileType = sourcecode.swift; path = DICOMMetadataViewController.swift; sourceTree = "<group>"; };
		02A93E1325B4C8B200CADABF /* MosaicTCC2iOS.app */ = {isa = PBXFileReference; explicitFileType = wrapper.application; includeInIndex = 0; path = MosaicTCC2iOS.app; sourceTree = BUILT_PRODUCTS_DIR; };
		02A93E1625B4C8B200CADABF /* AppDelegate.swift */ = {isa = PBXFileReference; lastKnownFileType = sourcecode.swift; path = AppDelegate.swift; sourceTree = "<group>"; };
		02A93E1825B4C8B200CADABF /* SceneDelegate.swift */ = {isa = PBXFileReference; lastKnownFileType = sourcecode.swift; path = SceneDelegate.swift; sourceTree = "<group>"; };
		02A93E1A25B4C8B200CADABF /* ViewController.swift */ = {isa = PBXFileReference; lastKnownFileType = sourcecode.swift; path = ViewController.swift; sourceTree = "<group>"; };
		02A93E1D25B4C8B200CADABF /* Base */ = {isa = PBXFileReference; lastKnownFileType = file.storyboard; name = Base; path = Base.lproj/Main.storyboard; sourceTree = "<group>"; };
		02A93E1F25B4C8B500CADABF /* Assets.xcassets */ = {isa = PBXFileReference; lastKnownFileType = folder.assetcatalog; path = Assets.xcassets; sourceTree = "<group>"; };
		02A93E2225B4C8B500CADABF /* Base */ = {isa = PBXFileReference; lastKnownFileType = file.storyboard; name = Base; path = Base.lproj/LaunchScreen.storyboard; sourceTree = "<group>"; };
		02A93E2425B4C8B500CADABF /* Info.plist */ = {isa = PBXFileReference; lastKnownFileType = text.plist.xml; path = Info.plist; sourceTree = "<group>"; };
		02A93E2925B4C8B600CADABF /* MosaicTCC2iOSTests.xctest */ = {isa = PBXFileReference; explicitFileType = wrapper.cfbundle; includeInIndex = 0; path = MosaicTCC2iOSTests.xctest; sourceTree = BUILT_PRODUCTS_DIR; };
		02A93E2D25B4C8B600CADABF /* MosaicTCC2iOSTests.swift */ = {isa = PBXFileReference; lastKnownFileType = sourcecode.swift; path = MosaicTCC2iOSTests.swift; sourceTree = "<group>"; };
		02A93E2F25B4C8B600CADABF /* Info.plist */ = {isa = PBXFileReference; lastKnownFileType = text.plist.xml; path = Info.plist; sourceTree = "<group>"; };
		02A93E3425B4C8B600CADABF /* MosaicTCC2iOSUITests.xctest */ = {isa = PBXFileReference; explicitFileType = wrapper.cfbundle; includeInIndex = 0; path = MosaicTCC2iOSUITests.xctest; sourceTree = BUILT_PRODUCTS_DIR; };
		02A93E3825B4C8B600CADABF /* MosaicTCC2iOSUITests.swift */ = {isa = PBXFileReference; lastKnownFileType = sourcecode.swift; path = MosaicTCC2iOSUITests.swift; sourceTree = "<group>"; };
		02A93E3A25B4C8B600CADABF /* Info.plist */ = {isa = PBXFileReference; lastKnownFileType = text.plist.xml; path = Info.plist; sourceTree = "<group>"; };
		02A93E4C25B4F54800CADABF /* ImagePicker.swift */ = {isa = PBXFileReference; lastKnownFileType = sourcecode.swift; path = ImagePicker.swift; sourceTree = "<group>"; };
		02A93E4E25B4FBD300CADABF /* ImageFragmentCollectionViewCell.swift */ = {isa = PBXFileReference; lastKnownFileType = sourcecode.swift; path = ImageFragmentCollectionViewCell.swift; sourceTree = "<group>"; };
		02A93E5225B517A900CADABF /* DICOMFilesCreatedViewController.swift */ = {isa = PBXFileReference; lastKnownFileType = sourcecode.swift; path = DICOMFilesCreatedViewController.swift; sourceTree = "<group>"; };
		02A93E5525B51A4900CADABF /* Base */ = {isa = PBXFileReference; lastKnownFileType = file.storyboard; name = Base; path = MosaicTCC2iOS/Scenes/UploadImageFragment/Base.lproj/DICOMFilesCreated.storyboard; sourceTree = "<group>"; };
		02A93E5725B51D9500CADABF /* DICOMMetadata.storyboard */ = {isa = PBXFileReference; fileEncoding = 4; lastKnownFileType = file.storyboard; path = DICOMMetadata.storyboard; sourceTree = "<group>"; };
		23EED7D1C3DF4331E84E67B8 /* Pods_MosaicTCC2iOSTests.framework */ = {isa = PBXFileReference; explicitFileType = wrapper.framework; includeInIndex = 0; path = Pods_MosaicTCC2iOSTests.framework; sourceTree = BUILT_PRODUCTS_DIR; };
		38E378CAB51D31E6DD72BC2E /* Pods-MosaicTCC2iOS.debug.xcconfig */ = {isa = PBXFileReference; includeInIndex = 1; lastKnownFileType = text.xcconfig; name = "Pods-MosaicTCC2iOS.debug.xcconfig"; path = "Target Support Files/Pods-MosaicTCC2iOS/Pods-MosaicTCC2iOS.debug.xcconfig"; sourceTree = "<group>"; };
		83A7B3BC2A710663E6B9A05D /* Pods-MosaicTCC2iOSTests.release.xcconfig */ = {isa = PBXFileReference; includeInIndex = 1; lastKnownFileType = text.xcconfig; name = "Pods-MosaicTCC2iOSTests.release.xcconfig"; path = "Target Support Files/Pods-MosaicTCC2iOSTests/Pods-MosaicTCC2iOSTests.release.xcconfig"; sourceTree = "<group>"; };
		A634C8ADA9B4B8B88B78B73B /* Pods-MosaicTCC2iOS.release.xcconfig */ = {isa = PBXFileReference; includeInIndex = 1; lastKnownFileType = text.xcconfig; name = "Pods-MosaicTCC2iOS.release.xcconfig"; path = "Target Support Files/Pods-MosaicTCC2iOS/Pods-MosaicTCC2iOS.release.xcconfig"; sourceTree = "<group>"; };
		C2C09BF45EA78E89C3565D88 /* Pods_MosaicTCC2iOS.framework */ = {isa = PBXFileReference; explicitFileType = wrapper.framework; includeInIndex = 0; path = Pods_MosaicTCC2iOS.framework; sourceTree = BUILT_PRODUCTS_DIR; };
		C67B2665DECA52184FE1C2BD /* Pods-MosaicTCC2iOS-MosaicTCC2iOSUITests.debug.xcconfig */ = {isa = PBXFileReference; includeInIndex = 1; lastKnownFileType = text.xcconfig; name = "Pods-MosaicTCC2iOS-MosaicTCC2iOSUITests.debug.xcconfig"; path = "Target Support Files/Pods-MosaicTCC2iOS-MosaicTCC2iOSUITests/Pods-MosaicTCC2iOS-MosaicTCC2iOSUITests.debug.xcconfig"; sourceTree = "<group>"; };
		DD86F557EDC1431C4CFB0ED5 /* Pods-MosaicTCC2iOS-MosaicTCC2iOSUITests.release.xcconfig */ = {isa = PBXFileReference; includeInIndex = 1; lastKnownFileType = text.xcconfig; name = "Pods-MosaicTCC2iOS-MosaicTCC2iOSUITests.release.xcconfig"; path = "Target Support Files/Pods-MosaicTCC2iOS-MosaicTCC2iOSUITests/Pods-MosaicTCC2iOS-MosaicTCC2iOSUITests.release.xcconfig"; sourceTree = "<group>"; };
		EE9BA29EB13D1FBC9D9E77A0 /* Pods_MosaicTCC2iOS_MosaicTCC2iOSUITests.framework */ = {isa = PBXFileReference; explicitFileType = wrapper.framework; includeInIndex = 0; path = Pods_MosaicTCC2iOS_MosaicTCC2iOSUITests.framework; sourceTree = BUILT_PRODUCTS_DIR; };
		FFDDE5F3F39D239FF9CA3F66 /* Pods-MosaicTCC2iOSTests.debug.xcconfig */ = {isa = PBXFileReference; includeInIndex = 1; lastKnownFileType = text.xcconfig; name = "Pods-MosaicTCC2iOSTests.debug.xcconfig"; path = "Target Support Files/Pods-MosaicTCC2iOSTests/Pods-MosaicTCC2iOSTests.debug.xcconfig"; sourceTree = "<group>"; };
/* End PBXFileReference section */

/* Begin PBXFrameworksBuildPhase section */
		02A93E1025B4C8B200CADABF /* Frameworks */ = {
			isa = PBXFrameworksBuildPhase;
			buildActionMask = 2147483647;
			files = (
				3BB7E9D040306101282B314C /* Pods_MosaicTCC2iOS.framework in Frameworks */,
			);
			runOnlyForDeploymentPostprocessing = 0;
		};
		02A93E2625B4C8B600CADABF /* Frameworks */ = {
			isa = PBXFrameworksBuildPhase;
			buildActionMask = 2147483647;
			files = (
				44476B2B9A727542EE922934 /* Pods_MosaicTCC2iOSTests.framework in Frameworks */,
			);
			runOnlyForDeploymentPostprocessing = 0;
		};
		02A93E3125B4C8B600CADABF /* Frameworks */ = {
			isa = PBXFrameworksBuildPhase;
			buildActionMask = 2147483647;
			files = (
				5C8C5EBAA1249DE27B9A540F /* Pods_MosaicTCC2iOS_MosaicTCC2iOSUITests.framework in Frameworks */,
			);
			runOnlyForDeploymentPostprocessing = 0;
		};
/* End PBXFrameworksBuildPhase section */

/* Begin PBXGroup section */
		02A93E0A25B4C8B200CADABF = {
			isa = PBXGroup;
			children = (
				02A93E1525B4C8B200CADABF /* MosaicTCC2iOS */,
				02A93E2C25B4C8B600CADABF /* MosaicTCC2iOSTests */,
				02A93E3725B4C8B600CADABF /* MosaicTCC2iOSUITests */,
				02A93E1425B4C8B200CADABF /* Products */,
				554384E72CED2062737EDEED /* Pods */,
				69BB057D076DF8C70D04D449 /* Frameworks */,
			);
			sourceTree = "<group>";
		};
		02A93E1425B4C8B200CADABF /* Products */ = {
			isa = PBXGroup;
			children = (
				02A93E1325B4C8B200CADABF /* MosaicTCC2iOS.app */,
				02A93E2925B4C8B600CADABF /* MosaicTCC2iOSTests.xctest */,
				02A93E3425B4C8B600CADABF /* MosaicTCC2iOSUITests.xctest */,
			);
			name = Products;
			sourceTree = "<group>";
		};
		02A93E1525B4C8B200CADABF /* MosaicTCC2iOS */ = {
			isa = PBXGroup;
			children = (
				02A93E4625B4CA7000CADABF /* Scenes */,
				02A93E1625B4C8B200CADABF /* AppDelegate.swift */,
				02A93E1825B4C8B200CADABF /* SceneDelegate.swift */,
				02A93E1F25B4C8B500CADABF /* Assets.xcassets */,
				02A93E2125B4C8B500CADABF /* LaunchScreen.storyboard */,
				02A93E2425B4C8B500CADABF /* Info.plist */,
				02A93E4C25B4F54800CADABF /* ImagePicker.swift */,
			);
			path = MosaicTCC2iOS;
			sourceTree = "<group>";
		};
		02A93E2C25B4C8B600CADABF /* MosaicTCC2iOSTests */ = {
			isa = PBXGroup;
			children = (
				02A93E2D25B4C8B600CADABF /* MosaicTCC2iOSTests.swift */,
				02A93E2F25B4C8B600CADABF /* Info.plist */,
			);
			path = MosaicTCC2iOSTests;
			sourceTree = "<group>";
		};
		02A93E3725B4C8B600CADABF /* MosaicTCC2iOSUITests */ = {
			isa = PBXGroup;
			children = (
				02A93E3825B4C8B600CADABF /* MosaicTCC2iOSUITests.swift */,
				02A93E3A25B4C8B600CADABF /* Info.plist */,
			);
			path = MosaicTCC2iOSUITests;
			sourceTree = "<group>";
		};
		02A93E4625B4CA7000CADABF /* Scenes */ = {
			isa = PBXGroup;
			children = (
				02A93E4925B4CAD400CADABF /* DICOMFiles */,
				02A93E4825B4CAB800CADABF /* DICOMData */,
				02A93E4725B4CA8000CADABF /* UploadImageFragment */,
			);
			path = Scenes;
			sourceTree = "<group>";
		};
		02A93E4725B4CA8000CADABF /* UploadImageFragment */ = {
			isa = PBXGroup;
			children = (
				02A93E1A25B4C8B200CADABF /* ViewController.swift */,
				02A93E1C25B4C8B200CADABF /* Main.storyboard */,
				02A93E4E25B4FBD300CADABF /* ImageFragmentCollectionViewCell.swift */,
			);
			path = UploadImageFragment;
			sourceTree = "<group>";
		};
		02A93E4825B4CAB800CADABF /* DICOMData */ = {
			isa = PBXGroup;
			children = (
				02A93E5725B51D9500CADABF /* DICOMMetadata.storyboard */,
				024ACE6325B5253A009F30B2 /* DICOMMetadataViewController.swift */,
			);
			path = DICOMData;
			sourceTree = "<group>";
		};
		02A93E4925B4CAD400CADABF /* DICOMFiles */ = {
			isa = PBXGroup;
			children = (
				02A93E5225B517A900CADABF /* DICOMFilesCreatedViewController.swift */,
				02A93E5425B51A4900CADABF /* DICOMFilesCreated.storyboard */,
			);
			path = DICOMFiles;
			sourceTree = "<group>";
		};
		554384E72CED2062737EDEED /* Pods */ = {
			isa = PBXGroup;
			children = (
				38E378CAB51D31E6DD72BC2E /* Pods-MosaicTCC2iOS.debug.xcconfig */,
				A634C8ADA9B4B8B88B78B73B /* Pods-MosaicTCC2iOS.release.xcconfig */,
				C67B2665DECA52184FE1C2BD /* Pods-MosaicTCC2iOS-MosaicTCC2iOSUITests.debug.xcconfig */,
				DD86F557EDC1431C4CFB0ED5 /* Pods-MosaicTCC2iOS-MosaicTCC2iOSUITests.release.xcconfig */,
				FFDDE5F3F39D239FF9CA3F66 /* Pods-MosaicTCC2iOSTests.debug.xcconfig */,
				83A7B3BC2A710663E6B9A05D /* Pods-MosaicTCC2iOSTests.release.xcconfig */,
			);
			path = Pods;
			sourceTree = "<group>";
		};
		69BB057D076DF8C70D04D449 /* Frameworks */ = {
			isa = PBXGroup;
			children = (
				C2C09BF45EA78E89C3565D88 /* Pods_MosaicTCC2iOS.framework */,
				EE9BA29EB13D1FBC9D9E77A0 /* Pods_MosaicTCC2iOS_MosaicTCC2iOSUITests.framework */,
				23EED7D1C3DF4331E84E67B8 /* Pods_MosaicTCC2iOSTests.framework */,
			);
			name = Frameworks;
			sourceTree = "<group>";
		};
/* End PBXGroup section */

/* Begin PBXNativeTarget section */
		02A93E1225B4C8B200CADABF /* MosaicTCC2iOS */ = {
			isa = PBXNativeTarget;
			buildConfigurationList = 02A93E3D25B4C8B600CADABF /* Build configuration list for PBXNativeTarget "MosaicTCC2iOS" */;
			buildPhases = (
				5753F7572DC07A165BF60829 /* [CP] Check Pods Manifest.lock */,
				02A93E0F25B4C8B200CADABF /* Sources */,
				02A93E1025B4C8B200CADABF /* Frameworks */,
				02A93E1125B4C8B200CADABF /* Resources */,
				2C2FC5449DF5E20EDD676411 /* [CP] Embed Pods Frameworks */,
			);
			buildRules = (
			);
			dependencies = (
			);
			name = MosaicTCC2iOS;
			productName = MosaicTCC2iOS;
			productReference = 02A93E1325B4C8B200CADABF /* MosaicTCC2iOS.app */;
			productType = "com.apple.product-type.application";
		};
		02A93E2825B4C8B600CADABF /* MosaicTCC2iOSTests */ = {
			isa = PBXNativeTarget;
			buildConfigurationList = 02A93E4025B4C8B600CADABF /* Build configuration list for PBXNativeTarget "MosaicTCC2iOSTests" */;
			buildPhases = (
				2A9972CCA3A4BE589DB5897E /* [CP] Check Pods Manifest.lock */,
				02A93E2525B4C8B600CADABF /* Sources */,
				02A93E2625B4C8B600CADABF /* Frameworks */,
				02A93E2725B4C8B600CADABF /* Resources */,
			);
			buildRules = (
			);
			dependencies = (
				02A93E2B25B4C8B600CADABF /* PBXTargetDependency */,
			);
			name = MosaicTCC2iOSTests;
			productName = MosaicTCC2iOSTests;
			productReference = 02A93E2925B4C8B600CADABF /* MosaicTCC2iOSTests.xctest */;
			productType = "com.apple.product-type.bundle.unit-test";
		};
		02A93E3325B4C8B600CADABF /* MosaicTCC2iOSUITests */ = {
			isa = PBXNativeTarget;
			buildConfigurationList = 02A93E4325B4C8B600CADABF /* Build configuration list for PBXNativeTarget "MosaicTCC2iOSUITests" */;
			buildPhases = (
				38D879A71C6BDDFBA39FBBFF /* [CP] Check Pods Manifest.lock */,
				02A93E3025B4C8B600CADABF /* Sources */,
				02A93E3125B4C8B600CADABF /* Frameworks */,
				02A93E3225B4C8B600CADABF /* Resources */,
				F41354022E8A6E487C1F0881 /* [CP] Embed Pods Frameworks */,
			);
			buildRules = (
			);
			dependencies = (
				02A93E3625B4C8B600CADABF /* PBXTargetDependency */,
			);
			name = MosaicTCC2iOSUITests;
			productName = MosaicTCC2iOSUITests;
			productReference = 02A93E3425B4C8B600CADABF /* MosaicTCC2iOSUITests.xctest */;
			productType = "com.apple.product-type.bundle.ui-testing";
		};
/* End PBXNativeTarget section */

/* Begin PBXProject section */
		02A93E0B25B4C8B200CADABF /* Project object */ = {
			isa = PBXProject;
			attributes = {
				LastSwiftUpdateCheck = 1160;
				LastUpgradeCheck = 1160;
				ORGANIZATIONNAME = "Wesley Araujo";
				TargetAttributes = {
					02A93E1225B4C8B200CADABF = {
						CreatedOnToolsVersion = 11.6;
					};
					02A93E2825B4C8B600CADABF = {
						CreatedOnToolsVersion = 11.6;
						TestTargetID = 02A93E1225B4C8B200CADABF;
					};
					02A93E3325B4C8B600CADABF = {
						CreatedOnToolsVersion = 11.6;
						TestTargetID = 02A93E1225B4C8B200CADABF;
					};
				};
			};
			buildConfigurationList = 02A93E0E25B4C8B200CADABF /* Build configuration list for PBXProject "MosaicTCC2iOS" */;
			compatibilityVersion = "Xcode 9.3";
			developmentRegion = en;
			hasScannedForEncodings = 0;
			knownRegions = (
				en,
				Base,
			);
			mainGroup = 02A93E0A25B4C8B200CADABF;
			productRefGroup = 02A93E1425B4C8B200CADABF /* Products */;
			projectDirPath = "";
			projectRoot = "";
			targets = (
				02A93E1225B4C8B200CADABF /* MosaicTCC2iOS */,
				02A93E2825B4C8B600CADABF /* MosaicTCC2iOSTests */,
				02A93E3325B4C8B600CADABF /* MosaicTCC2iOSUITests */,
			);
		};
/* End PBXProject section */

/* Begin PBXResourcesBuildPhase section */
		02A93E1125B4C8B200CADABF /* Resources */ = {
			isa = PBXResourcesBuildPhase;
			buildActionMask = 2147483647;
			files = (
				02A93E2325B4C8B500CADABF /* LaunchScreen.storyboard in Resources */,
				02A93E2025B4C8B500CADABF /* Assets.xcassets in Resources */,
				02A93E5825B51D9500CADABF /* DICOMMetadata.storyboard in Resources */,
				02A93E5625B51A4900CADABF /* DICOMFilesCreated.storyboard in Resources */,
				02A93E1E25B4C8B200CADABF /* Main.storyboard in Resources */,
			);
			runOnlyForDeploymentPostprocessing = 0;
		};
		02A93E2725B4C8B600CADABF /* Resources */ = {
			isa = PBXResourcesBuildPhase;
			buildActionMask = 2147483647;
			files = (
			);
			runOnlyForDeploymentPostprocessing = 0;
		};
		02A93E3225B4C8B600CADABF /* Resources */ = {
			isa = PBXResourcesBuildPhase;
			buildActionMask = 2147483647;
			files = (
			);
			runOnlyForDeploymentPostprocessing = 0;
		};
/* End PBXResourcesBuildPhase section */

/* Begin PBXShellScriptBuildPhase section */
		2A9972CCA3A4BE589DB5897E /* [CP] Check Pods Manifest.lock */ = {
			isa = PBXShellScriptBuildPhase;
			buildActionMask = 2147483647;
			files = (
			);
			inputFileListPaths = (
			);
			inputPaths = (
				"${PODS_PODFILE_DIR_PATH}/Podfile.lock",
				"${PODS_ROOT}/Manifest.lock",
			);
			name = "[CP] Check Pods Manifest.lock";
			outputFileListPaths = (
			);
			outputPaths = (
				"$(DERIVED_FILE_DIR)/Pods-MosaicTCC2iOSTests-checkManifestLockResult.txt",
			);
			runOnlyForDeploymentPostprocessing = 0;
			shellPath = /bin/sh;
			shellScript = "diff \"${PODS_PODFILE_DIR_PATH}/Podfile.lock\" \"${PODS_ROOT}/Manifest.lock\" > /dev/null\nif [ $? != 0 ] ; then\n    # print error to STDERR\n    echo \"error: The sandbox is not in sync with the Podfile.lock. Run 'pod install' or update your CocoaPods installation.\" >&2\n    exit 1\nfi\n# This output is used by Xcode 'outputs' to avoid re-running this script phase.\necho \"SUCCESS\" > \"${SCRIPT_OUTPUT_FILE_0}\"\n";
			showEnvVarsInLog = 0;
		};
		2C2FC5449DF5E20EDD676411 /* [CP] Embed Pods Frameworks */ = {
			isa = PBXShellScriptBuildPhase;
			buildActionMask = 2147483647;
			files = (
			);
			inputFileListPaths = (
				"${PODS_ROOT}/Target Support Files/Pods-MosaicTCC2iOS/Pods-MosaicTCC2iOS-frameworks-${CONFIGURATION}-input-files.xcfilelist",
			);
			name = "[CP] Embed Pods Frameworks";
			outputFileListPaths = (
				"${PODS_ROOT}/Target Support Files/Pods-MosaicTCC2iOS/Pods-MosaicTCC2iOS-frameworks-${CONFIGURATION}-output-files.xcfilelist",
			);
			runOnlyForDeploymentPostprocessing = 0;
			shellPath = /bin/sh;
			shellScript = "\"${PODS_ROOT}/Target Support Files/Pods-MosaicTCC2iOS/Pods-MosaicTCC2iOS-frameworks.sh\"\n";
			showEnvVarsInLog = 0;
		};
		38D879A71C6BDDFBA39FBBFF /* [CP] Check Pods Manifest.lock */ = {
			isa = PBXShellScriptBuildPhase;
			buildActionMask = 2147483647;
			files = (
			);
			inputFileListPaths = (
			);
			inputPaths = (
				"${PODS_PODFILE_DIR_PATH}/Podfile.lock",
				"${PODS_ROOT}/Manifest.lock",
			);
			name = "[CP] Check Pods Manifest.lock";
			outputFileListPaths = (
			);
			outputPaths = (
				"$(DERIVED_FILE_DIR)/Pods-MosaicTCC2iOS-MosaicTCC2iOSUITests-checkManifestLockResult.txt",
			);
			runOnlyForDeploymentPostprocessing = 0;
			shellPath = /bin/sh;
			shellScript = "diff \"${PODS_PODFILE_DIR_PATH}/Podfile.lock\" \"${PODS_ROOT}/Manifest.lock\" > /dev/null\nif [ $? != 0 ] ; then\n    # print error to STDERR\n    echo \"error: The sandbox is not in sync with the Podfile.lock. Run 'pod install' or update your CocoaPods installation.\" >&2\n    exit 1\nfi\n# This output is used by Xcode 'outputs' to avoid re-running this script phase.\necho \"SUCCESS\" > \"${SCRIPT_OUTPUT_FILE_0}\"\n";
			showEnvVarsInLog = 0;
		};
		5753F7572DC07A165BF60829 /* [CP] Check Pods Manifest.lock */ = {
			isa = PBXShellScriptBuildPhase;
			buildActionMask = 2147483647;
			files = (
			);
			inputFileListPaths = (
			);
			inputPaths = (
				"${PODS_PODFILE_DIR_PATH}/Podfile.lock",
				"${PODS_ROOT}/Manifest.lock",
			);
			name = "[CP] Check Pods Manifest.lock";
			outputFileListPaths = (
			);
			outputPaths = (
				"$(DERIVED_FILE_DIR)/Pods-MosaicTCC2iOS-checkManifestLockResult.txt",
			);
			runOnlyForDeploymentPostprocessing = 0;
			shellPath = /bin/sh;
			shellScript = "diff \"${PODS_PODFILE_DIR_PATH}/Podfile.lock\" \"${PODS_ROOT}/Manifest.lock\" > /dev/null\nif [ $? != 0 ] ; then\n    # print error to STDERR\n    echo \"error: The sandbox is not in sync with the Podfile.lock. Run 'pod install' or update your CocoaPods installation.\" >&2\n    exit 1\nfi\n# This output is used by Xcode 'outputs' to avoid re-running this script phase.\necho \"SUCCESS\" > \"${SCRIPT_OUTPUT_FILE_0}\"\n";
			showEnvVarsInLog = 0;
		};
		F41354022E8A6E487C1F0881 /* [CP] Embed Pods Frameworks */ = {
			isa = PBXShellScriptBuildPhase;
			buildActionMask = 2147483647;
			files = (
			);
			inputFileListPaths = (
				"${PODS_ROOT}/Target Support Files/Pods-MosaicTCC2iOS-MosaicTCC2iOSUITests/Pods-MosaicTCC2iOS-MosaicTCC2iOSUITests-frameworks-${CONFIGURATION}-input-files.xcfilelist",
			);
			name = "[CP] Embed Pods Frameworks";
			outputFileListPaths = (
				"${PODS_ROOT}/Target Support Files/Pods-MosaicTCC2iOS-MosaicTCC2iOSUITests/Pods-MosaicTCC2iOS-MosaicTCC2iOSUITests-frameworks-${CONFIGURATION}-output-files.xcfilelist",
			);
			runOnlyForDeploymentPostprocessing = 0;
			shellPath = /bin/sh;
			shellScript = "\"${PODS_ROOT}/Target Support Files/Pods-MosaicTCC2iOS-MosaicTCC2iOSUITests/Pods-MosaicTCC2iOS-MosaicTCC2iOSUITests-frameworks.sh\"\n";
			showEnvVarsInLog = 0;
		};
/* End PBXShellScriptBuildPhase section */

/* Begin PBXSourcesBuildPhase section */
		02A93E0F25B4C8B200CADABF /* Sources */ = {
			isa = PBXSourcesBuildPhase;
			buildActionMask = 2147483647;
			files = (
				02A93E5325B517A900CADABF /* DICOMFilesCreatedViewController.swift in Sources */,
				02A93E1B25B4C8B200CADABF /* ViewController.swift in Sources */,
				02A93E1725B4C8B200CADABF /* AppDelegate.swift in Sources */,
				024ACE6425B5253A009F30B2 /* DICOMMetadataViewController.swift in Sources */,
				02A93E1925B4C8B200CADABF /* SceneDelegate.swift in Sources */,
				02A93E4D25B4F54800CADABF /* ImagePicker.swift in Sources */,
				02A93E4F25B4FBD300CADABF /* ImageFragmentCollectionViewCell.swift in Sources */,
			);
			runOnlyForDeploymentPostprocessing = 0;
		};
		02A93E2525B4C8B600CADABF /* Sources */ = {
			isa = PBXSourcesBuildPhase;
			buildActionMask = 2147483647;
			files = (
				02A93E2E25B4C8B600CADABF /* MosaicTCC2iOSTests.swift in Sources */,
			);
			runOnlyForDeploymentPostprocessing = 0;
		};
		02A93E3025B4C8B600CADABF /* Sources */ = {
			isa = PBXSourcesBuildPhase;
			buildActionMask = 2147483647;
			files = (
				02A93E3925B4C8B600CADABF /* MosaicTCC2iOSUITests.swift in Sources */,
			);
			runOnlyForDeploymentPostprocessing = 0;
		};
/* End PBXSourcesBuildPhase section */

/* Begin PBXTargetDependency section */
		02A93E2B25B4C8B600CADABF /* PBXTargetDependency */ = {
			isa = PBXTargetDependency;
			target = 02A93E1225B4C8B200CADABF /* MosaicTCC2iOS */;
			targetProxy = 02A93E2A25B4C8B600CADABF /* PBXContainerItemProxy */;
		};
		02A93E3625B4C8B600CADABF /* PBXTargetDependency */ = {
			isa = PBXTargetDependency;
			target = 02A93E1225B4C8B200CADABF /* MosaicTCC2iOS */;
			targetProxy = 02A93E3525B4C8B600CADABF /* PBXContainerItemProxy */;
		};
/* End PBXTargetDependency section */

/* Begin PBXVariantGroup section */
		02A93E1C25B4C8B200CADABF /* Main.storyboard */ = {
			isa = PBXVariantGroup;
			children = (
				02A93E1D25B4C8B200CADABF /* Base */,
			);
			name = Main.storyboard;
			sourceTree = "<group>";
		};
		02A93E2125B4C8B500CADABF /* LaunchScreen.storyboard */ = {
			isa = PBXVariantGroup;
			children = (
				02A93E2225B4C8B500CADABF /* Base */,
			);
			name = LaunchScreen.storyboard;
			sourceTree = "<group>";
		};
		02A93E5425B51A4900CADABF /* DICOMFilesCreated.storyboard */ = {
			isa = PBXVariantGroup;
			children = (
				02A93E5525B51A4900CADABF /* Base */,
			);
			name = DICOMFilesCreated.storyboard;
			sourceTree = "<group>";
		};
/* End PBXVariantGroup section */

/* Begin XCBuildConfiguration section */
		02A93E3B25B4C8B600CADABF /* Debug */ = {
			isa = XCBuildConfiguration;
			buildSettings = {
				ALWAYS_SEARCH_USER_PATHS = NO;
				CLANG_ANALYZER_NONNULL = YES;
				CLANG_ANALYZER_NUMBER_OBJECT_CONVERSION = YES_AGGRESSIVE;
				CLANG_CXX_LANGUAGE_STANDARD = "gnu++14";
				CLANG_CXX_LIBRARY = "libc++";
				CLANG_ENABLE_MODULES = YES;
				CLANG_ENABLE_OBJC_ARC = YES;
				CLANG_ENABLE_OBJC_WEAK = YES;
				CLANG_WARN_BLOCK_CAPTURE_AUTORELEASING = YES;
				CLANG_WARN_BOOL_CONVERSION = YES;
				CLANG_WARN_COMMA = YES;
				CLANG_WARN_CONSTANT_CONVERSION = YES;
				CLANG_WARN_DEPRECATED_OBJC_IMPLEMENTATIONS = YES;
				CLANG_WARN_DIRECT_OBJC_ISA_USAGE = YES_ERROR;
				CLANG_WARN_DOCUMENTATION_COMMENTS = YES;
				CLANG_WARN_EMPTY_BODY = YES;
				CLANG_WARN_ENUM_CONVERSION = YES;
				CLANG_WARN_INFINITE_RECURSION = YES;
				CLANG_WARN_INT_CONVERSION = YES;
				CLANG_WARN_NON_LITERAL_NULL_CONVERSION = YES;
				CLANG_WARN_OBJC_IMPLICIT_RETAIN_SELF = YES;
				CLANG_WARN_OBJC_LITERAL_CONVERSION = YES;
				CLANG_WARN_OBJC_ROOT_CLASS = YES_ERROR;
				CLANG_WARN_RANGE_LOOP_ANALYSIS = YES;
				CLANG_WARN_STRICT_PROTOTYPES = YES;
				CLANG_WARN_SUSPICIOUS_MOVE = YES;
				CLANG_WARN_UNGUARDED_AVAILABILITY = YES_AGGRESSIVE;
				CLANG_WARN_UNREACHABLE_CODE = YES;
				CLANG_WARN__DUPLICATE_METHOD_MATCH = YES;
				COPY_PHASE_STRIP = NO;
				DEBUG_INFORMATION_FORMAT = dwarf;
				ENABLE_STRICT_OBJC_MSGSEND = YES;
				ENABLE_TESTABILITY = YES;
				GCC_C_LANGUAGE_STANDARD = gnu11;
				GCC_DYNAMIC_NO_PIC = NO;
				GCC_NO_COMMON_BLOCKS = YES;
				GCC_OPTIMIZATION_LEVEL = 0;
				GCC_PREPROCESSOR_DEFINITIONS = (
					"DEBUG=1",
					"$(inherited)",
				);
				GCC_WARN_64_TO_32_BIT_CONVERSION = YES;
				GCC_WARN_ABOUT_RETURN_TYPE = YES_ERROR;
				GCC_WARN_UNDECLARED_SELECTOR = YES;
				GCC_WARN_UNINITIALIZED_AUTOS = YES_AGGRESSIVE;
				GCC_WARN_UNUSED_FUNCTION = YES;
				GCC_WARN_UNUSED_VARIABLE = YES;
				IPHONEOS_DEPLOYMENT_TARGET = 13.6;
				MTL_ENABLE_DEBUG_INFO = INCLUDE_SOURCE;
				MTL_FAST_MATH = YES;
				ONLY_ACTIVE_ARCH = YES;
				SDKROOT = iphoneos;
				SWIFT_ACTIVE_COMPILATION_CONDITIONS = DEBUG;
				SWIFT_OPTIMIZATION_LEVEL = "-Onone";
			};
			name = Debug;
		};
		02A93E3C25B4C8B600CADABF /* Release */ = {
			isa = XCBuildConfiguration;
			buildSettings = {
				ALWAYS_SEARCH_USER_PATHS = NO;
				CLANG_ANALYZER_NONNULL = YES;
				CLANG_ANALYZER_NUMBER_OBJECT_CONVERSION = YES_AGGRESSIVE;
				CLANG_CXX_LANGUAGE_STANDARD = "gnu++14";
				CLANG_CXX_LIBRARY = "libc++";
				CLANG_ENABLE_MODULES = YES;
				CLANG_ENABLE_OBJC_ARC = YES;
				CLANG_ENABLE_OBJC_WEAK = YES;
				CLANG_WARN_BLOCK_CAPTURE_AUTORELEASING = YES;
				CLANG_WARN_BOOL_CONVERSION = YES;
				CLANG_WARN_COMMA = YES;
				CLANG_WARN_CONSTANT_CONVERSION = YES;
				CLANG_WARN_DEPRECATED_OBJC_IMPLEMENTATIONS = YES;
				CLANG_WARN_DIRECT_OBJC_ISA_USAGE = YES_ERROR;
				CLANG_WARN_DOCUMENTATION_COMMENTS = YES;
				CLANG_WARN_EMPTY_BODY = YES;
				CLANG_WARN_ENUM_CONVERSION = YES;
				CLANG_WARN_INFINITE_RECURSION = YES;
				CLANG_WARN_INT_CONVERSION = YES;
				CLANG_WARN_NON_LITERAL_NULL_CONVERSION = YES;
				CLANG_WARN_OBJC_IMPLICIT_RETAIN_SELF = YES;
				CLANG_WARN_OBJC_LITERAL_CONVERSION = YES;
				CLANG_WARN_OBJC_ROOT_CLASS = YES_ERROR;
				CLANG_WARN_RANGE_LOOP_ANALYSIS = YES;
				CLANG_WARN_STRICT_PROTOTYPES = YES;
				CLANG_WARN_SUSPICIOUS_MOVE = YES;
				CLANG_WARN_UNGUARDED_AVAILABILITY = YES_AGGRESSIVE;
				CLANG_WARN_UNREACHABLE_CODE = YES;
				CLANG_WARN__DUPLICATE_METHOD_MATCH = YES;
				COPY_PHASE_STRIP = NO;
				DEBUG_INFORMATION_FORMAT = "dwarf-with-dsym";
				ENABLE_NS_ASSERTIONS = NO;
				ENABLE_STRICT_OBJC_MSGSEND = YES;
				GCC_C_LANGUAGE_STANDARD = gnu11;
				GCC_NO_COMMON_BLOCKS = YES;
				GCC_WARN_64_TO_32_BIT_CONVERSION = YES;
				GCC_WARN_ABOUT_RETURN_TYPE = YES_ERROR;
				GCC_WARN_UNDECLARED_SELECTOR = YES;
				GCC_WARN_UNINITIALIZED_AUTOS = YES_AGGRESSIVE;
				GCC_WARN_UNUSED_FUNCTION = YES;
				GCC_WARN_UNUSED_VARIABLE = YES;
				IPHONEOS_DEPLOYMENT_TARGET = 13.6;
				MTL_ENABLE_DEBUG_INFO = NO;
				MTL_FAST_MATH = YES;
				SDKROOT = iphoneos;
				SWIFT_COMPILATION_MODE = wholemodule;
				SWIFT_OPTIMIZATION_LEVEL = "-O";
				VALIDATE_PRODUCT = YES;
			};
			name = Release;
		};
		02A93E3E25B4C8B600CADABF /* Debug */ = {
			isa = XCBuildConfiguration;
			baseConfigurationReference = 38E378CAB51D31E6DD72BC2E /* Pods-MosaicTCC2iOS.debug.xcconfig */;
			buildSettings = {
				ASSETCATALOG_COMPILER_APPICON_NAME = AppIcon;
				CODE_SIGN_STYLE = Automatic;
				DEVELOPMENT_TEAM = 98G2VY7676;
				INFOPLIST_FILE = MosaicTCC2iOS/Info.plist;
				LD_RUNPATH_SEARCH_PATHS = (
					"$(inherited)",
					"@executable_path/Frameworks",
				);
				PRODUCT_BUNDLE_IDENTIFIER = com.wesley.MosaicTCC2iOS;
				PRODUCT_NAME = "$(TARGET_NAME)";
				SWIFT_VERSION = 5.0;
				TARGETED_DEVICE_FAMILY = "1,2";
			};
			name = Debug;
		};
		02A93E3F25B4C8B600CADABF /* Release */ = {
			isa = XCBuildConfiguration;
			baseConfigurationReference = A634C8ADA9B4B8B88B78B73B /* Pods-MosaicTCC2iOS.release.xcconfig */;
			buildSettings = {
				ASSETCATALOG_COMPILER_APPICON_NAME = AppIcon;
				CODE_SIGN_STYLE = Automatic;
				DEVELOPMENT_TEAM = 98G2VY7676;
				INFOPLIST_FILE = MosaicTCC2iOS/Info.plist;
				LD_RUNPATH_SEARCH_PATHS = (
					"$(inherited)",
					"@executable_path/Frameworks",
				);
				PRODUCT_BUNDLE_IDENTIFIER = com.wesley.MosaicTCC2iOS;
				PRODUCT_NAME = "$(TARGET_NAME)";
				SWIFT_VERSION = 5.0;
				TARGETED_DEVICE_FAMILY = "1,2";
			};
			name = Release;
		};
		02A93E4125B4C8B600CADABF /* Debug */ = {
			isa = XCBuildConfiguration;
			baseConfigurationReference = FFDDE5F3F39D239FF9CA3F66 /* Pods-MosaicTCC2iOSTests.debug.xcconfig */;
			buildSettings = {
				ALWAYS_EMBED_SWIFT_STANDARD_LIBRARIES = YES;
				BUNDLE_LOADER = "$(TEST_HOST)";
				CODE_SIGN_STYLE = Automatic;
				DEVELOPMENT_TEAM = 98G2VY7676;
				INFOPLIST_FILE = MosaicTCC2iOSTests/Info.plist;
				IPHONEOS_DEPLOYMENT_TARGET = 13.6;
				LD_RUNPATH_SEARCH_PATHS = (
					"$(inherited)",
					"@executable_path/Frameworks",
					"@loader_path/Frameworks",
				);
				PRODUCT_BUNDLE_IDENTIFIER = com.wesley.MosaicTCC2iOSTests;
				PRODUCT_NAME = "$(TARGET_NAME)";
				SWIFT_VERSION = 5.0;
				TARGETED_DEVICE_FAMILY = "1,2";
				TEST_HOST = "$(BUILT_PRODUCTS_DIR)/MosaicTCC2iOS.app/MosaicTCC2iOS";
			};
			name = Debug;
		};
		02A93E4225B4C8B600CADABF /* Release */ = {
			isa = XCBuildConfiguration;
			baseConfigurationReference = 83A7B3BC2A710663E6B9A05D /* Pods-MosaicTCC2iOSTests.release.xcconfig */;
			buildSettings = {
				ALWAYS_EMBED_SWIFT_STANDARD_LIBRARIES = YES;
				BUNDLE_LOADER = "$(TEST_HOST)";
				CODE_SIGN_STYLE = Automatic;
				DEVELOPMENT_TEAM = 98G2VY7676;
				INFOPLIST_FILE = MosaicTCC2iOSTests/Info.plist;
				IPHONEOS_DEPLOYMENT_TARGET = 13.6;
				LD_RUNPATH_SEARCH_PATHS = (
					"$(inherited)",
					"@executable_path/Frameworks",
					"@loader_path/Frameworks",
				);
				PRODUCT_BUNDLE_IDENTIFIER = com.wesley.MosaicTCC2iOSTests;
				PRODUCT_NAME = "$(TARGET_NAME)";
				SWIFT_VERSION = 5.0;
				TARGETED_DEVICE_FAMILY = "1,2";
				TEST_HOST = "$(BUILT_PRODUCTS_DIR)/MosaicTCC2iOS.app/MosaicTCC2iOS";
			};
			name = Release;
		};
		02A93E4425B4C8B600CADABF /* Debug */ = {
			isa = XCBuildConfiguration;
			baseConfigurationReference = C67B2665DECA52184FE1C2BD /* Pods-MosaicTCC2iOS-MosaicTCC2iOSUITests.debug.xcconfig */;
			buildSettings = {
				ALWAYS_EMBED_SWIFT_STANDARD_LIBRARIES = YES;
				CODE_SIGN_STYLE = Automatic;
				DEVELOPMENT_TEAM = 98G2VY7676;
				INFOPLIST_FILE = MosaicTCC2iOSUITests/Info.plist;
				LD_RUNPATH_SEARCH_PATHS = (
					"$(inherited)",
					"@executable_path/Frameworks",
					"@loader_path/Frameworks",
				);
				PRODUCT_BUNDLE_IDENTIFIER = com.wesley.MosaicTCC2iOSUITests;
				PRODUCT_NAME = "$(TARGET_NAME)";
				SWIFT_VERSION = 5.0;
				TARGETED_DEVICE_FAMILY = "1,2";
				TEST_TARGET_NAME = MosaicTCC2iOS;
			};
			name = Debug;
		};
		02A93E4525B4C8B600CADABF /* Release */ = {
			isa = XCBuildConfiguration;
			baseConfigurationReference = DD86F557EDC1431C4CFB0ED5 /* Pods-MosaicTCC2iOS-MosaicTCC2iOSUITests.release.xcconfig */;
			buildSettings = {
				ALWAYS_EMBED_SWIFT_STANDARD_LIBRARIES = YES;
				CODE_SIGN_STYLE = Automatic;
				DEVELOPMENT_TEAM = 98G2VY7676;
				INFOPLIST_FILE = MosaicTCC2iOSUITests/Info.plist;
				LD_RUNPATH_SEARCH_PATHS = (
					"$(inherited)",
					"@executable_path/Frameworks",
					"@loader_path/Frameworks",
				);
				PRODUCT_BUNDLE_IDENTIFIER = com.wesley.MosaicTCC2iOSUITests;
				PRODUCT_NAME = "$(TARGET_NAME)";
				SWIFT_VERSION = 5.0;
				TARGETED_DEVICE_FAMILY = "1,2";
				TEST_TARGET_NAME = MosaicTCC2iOS;
			};
			name = Release;
		};
/* End XCBuildConfiguration section */

/* Begin XCConfigurationList section */
		02A93E0E25B4C8B200CADABF /* Build configuration list for PBXProject "MosaicTCC2iOS" */ = {
			isa = XCConfigurationList;
			buildConfigurations = (
				02A93E3B25B4C8B600CADABF /* Debug */,
				02A93E3C25B4C8B600CADABF /* Release */,
			);
			defaultConfigurationIsVisible = 0;
			defaultConfigurationName = Release;
		};
		02A93E3D25B4C8B600CADABF /* Build configuration list for PBXNativeTarget "MosaicTCC2iOS" */ = {
			isa = XCConfigurationList;
			buildConfigurations = (
				02A93E3E25B4C8B600CADABF /* Debug */,
				02A93E3F25B4C8B600CADABF /* Release */,
			);
			defaultConfigurationIsVisible = 0;
			defaultConfigurationName = Release;
		};
		02A93E4025B4C8B600CADABF /* Build configuration list for PBXNativeTarget "MosaicTCC2iOSTests" */ = {
			isa = XCConfigurationList;
			buildConfigurations = (
				02A93E4125B4C8B600CADABF /* Debug */,
				02A93E4225B4C8B600CADABF /* Release */,
			);
			defaultConfigurationIsVisible = 0;
			defaultConfigurationName = Release;
		};
		02A93E4325B4C8B600CADABF /* Build configuration list for PBXNativeTarget "MosaicTCC2iOSUITests" */ = {
			isa = XCConfigurationList;
			buildConfigurations = (
				02A93E4425B4C8B600CADABF /* Debug */,
				02A93E4525B4C8B600CADABF /* Release */,
			);
			defaultConfigurationIsVisible = 0;
			defaultConfigurationName = Release;
		};
/* End XCConfigurationList section */
	};
	rootObject = 02A93E0B25B4C8B200CADABF /* Project object */;
}
